
Microsoft Visual Studio Solution File, Format Version 12.00
# Visual Studio Version 17
VisualStudioVersion = 17.0.31612.314
MinimumVisualStudioVersion = 15.0.26124.0
Project("{9A19103F-16F7-4668-BE54-9A1E7A4F7556}") = "databaseDeployment", "databaseDeployment\databaseDeployment.csproj", "{1B4ED052-68CA-4ED7-AE55-C9B9FFD07460}"
EndProject
Project("{2150E333-8FDC-42A3-9474-1A3956D46DE8}") = "RepositoryManager", "RepositoryManager", "{9DA1B5A7-3BB1-4F9C-8B59-E909C60DDDC7}"
EndProject
Project("{2150E333-8FDC-42A3-9474-1A3956D46DE8}") = "LinuxRepositories", "LinuxRepositories", "{0D4C015E-BD41-476F-90A4-211B57E8EBB4}"
EndProject
Project("{FAE04EC0-301F-11D3-BF4B-00C04F79EFBC}") = "APTPackageWatcher", "RepositoryManager\LinuxRepositories\APTPackageWatcher\APTPackageWatcher.csproj", "{D88797AC-5B61-41B7-BB15-C53449CB91FD}"
EndProject
Project("{FAE04EC0-301F-11D3-BF4B-00C04F79EFBC}") = "PacmanPackageWatcher", "RepositoryManager\LinuxRepositories\PacmanPackageWatcher\PacmanPackageWatcher.csproj", "{AE930B64-5C51-481E-B66A-186C3D14801D}"
EndProject
Project("{FAE04EC0-301F-11D3-BF4B-00C04F79EFBC}") = "RepositoryManagerNet.API", "RepositoryManager\LinuxRepositories\RepositoryManagerNet.API\RepositoryManagerNet.API.csproj", "{0A51A194-9443-4D17-B7E4-D75B8779F959}"
EndProject
Project("{FAE04EC0-301F-11D3-BF4B-00C04F79EFBC}") = "RepositoryManagerNet.UploadAPI", "RepositoryManager\LinuxRepositories\RepositoryManagerNet.UploadAPI\RepositoryManagerNet.UploadAPI.csproj", "{7DBCCFF0-DDB6-49B9-8F92-D9ADE05689A4}"
EndProject
Project("{FAE04EC0-301F-11D3-BF4B-00C04F79EFBC}") = "RPMPackageWatcher", "RepositoryManager\LinuxRepositories\RPMPackageWatcher\RPMPackageWatcher.csproj", "{6DFDD87D-86C9-44B5-8C15-25099296B2F2}"
EndProject
Project("{2150E333-8FDC-42A3-9474-1A3956D46DE8}") = "CommonElements", "CommonElements", "{033FAEAF-895C-480F-959D-909D92573E93}"
EndProject
Project("{FAE04EC0-301F-11D3-BF4B-00C04F79EFBC}") = "RepositoryManagerNet.WebUI", "RepositoryManager\CommonElements\RepositoryManagerNet.WebUI\RepositoryManagerNet.WebUI.csproj", "{8755592D-F6A4-4B91-B175-6751147AD638}"
EndProject
Global
	GlobalSection(SolutionConfigurationPlatforms) = preSolution
		Debug|Any CPU = Debug|Any CPU
		Debug|x64 = Debug|x64
		Debug|x86 = Debug|x86
		Release|Any CPU = Release|Any CPU
		Release|x64 = Release|x64
		Release|x86 = Release|x86
	EndGlobalSection
	GlobalSection(ProjectConfigurationPlatforms) = postSolution
		{1B4ED052-68CA-4ED7-AE55-C9B9FFD07460}.Debug|Any CPU.ActiveCfg = Debug|Any CPU
		{1B4ED052-68CA-4ED7-AE55-C9B9FFD07460}.Debug|Any CPU.Build.0 = Debug|Any CPU
		{1B4ED052-68CA-4ED7-AE55-C9B9FFD07460}.Debug|x64.ActiveCfg = Debug|Any CPU
		{1B4ED052-68CA-4ED7-AE55-C9B9FFD07460}.Debug|x64.Build.0 = Debug|Any CPU
		{1B4ED052-68CA-4ED7-AE55-C9B9FFD07460}.Debug|x86.ActiveCfg = Debug|Any CPU
		{1B4ED052-68CA-4ED7-AE55-C9B9FFD07460}.Debug|x86.Build.0 = Debug|Any CPU
		{1B4ED052-68CA-4ED7-AE55-C9B9FFD07460}.Release|Any CPU.ActiveCfg = Release|Any CPU
		{1B4ED052-68CA-4ED7-AE55-C9B9FFD07460}.Release|Any CPU.Build.0 = Release|Any CPU
		{1B4ED052-68CA-4ED7-AE55-C9B9FFD07460}.Release|x64.ActiveCfg = Release|Any CPU
		{1B4ED052-68CA-4ED7-AE55-C9B9FFD07460}.Release|x64.Build.0 = Release|Any CPU
		{1B4ED052-68CA-4ED7-AE55-C9B9FFD07460}.Release|x86.ActiveCfg = Release|Any CPU
		{1B4ED052-68CA-4ED7-AE55-C9B9FFD07460}.Release|x86.Build.0 = Release|Any CPU
		{D88797AC-5B61-41B7-BB15-C53449CB91FD}.Debug|Any CPU.ActiveCfg = Debug|Any CPU
		{D88797AC-5B61-41B7-BB15-C53449CB91FD}.Debug|Any CPU.Build.0 = Debug|Any CPU
		{D88797AC-5B61-41B7-BB15-C53449CB91FD}.Debug|x64.ActiveCfg = Debug|Any CPU
		{D88797AC-5B61-41B7-BB15-C53449CB91FD}.Debug|x64.Build.0 = Debug|Any CPU
		{D88797AC-5B61-41B7-BB15-C53449CB91FD}.Debug|x86.ActiveCfg = Debug|Any CPU
		{D88797AC-5B61-41B7-BB15-C53449CB91FD}.Debug|x86.Build.0 = Debug|Any CPU
		{D88797AC-5B61-41B7-BB15-C53449CB91FD}.Release|Any CPU.ActiveCfg = Release|Any CPU
		{D88797AC-5B61-41B7-BB15-C53449CB91FD}.Release|Any CPU.Build.0 = Release|Any CPU
		{D88797AC-5B61-41B7-BB15-C53449CB91FD}.Release|x64.ActiveCfg = Release|Any CPU
		{D88797AC-5B61-41B7-BB15-C53449CB91FD}.Release|x64.Build.0 = Release|Any CPU
		{D88797AC-5B61-41B7-BB15-C53449CB91FD}.Release|x86.ActiveCfg = Release|Any CPU
		{D88797AC-5B61-41B7-BB15-C53449CB91FD}.Release|x86.Build.0 = Release|Any CPU
		{AE930B64-5C51-481E-B66A-186C3D14801D}.Debug|Any CPU.ActiveCfg = Debug|Any CPU
		{AE930B64-5C51-481E-B66A-186C3D14801D}.Debug|Any CPU.Build.0 = Debug|Any CPU
		{AE930B64-5C51-481E-B66A-186C3D14801D}.Debug|x64.ActiveCfg = Debug|Any CPU
		{AE930B64-5C51-481E-B66A-186C3D14801D}.Debug|x64.Build.0 = Debug|Any CPU
		{AE930B64-5C51-481E-B66A-186C3D14801D}.Debug|x86.ActiveCfg = Debug|Any CPU
		{AE930B64-5C51-481E-B66A-186C3D14801D}.Debug|x86.Build.0 = Debug|Any CPU
		{AE930B64-5C51-481E-B66A-186C3D14801D}.Release|Any CPU.ActiveCfg = Release|Any CPU
		{AE930B64-5C51-481E-B66A-186C3D14801D}.Release|Any CPU.Build.0 = Release|Any CPU
		{AE930B64-5C51-481E-B66A-186C3D14801D}.Release|x64.ActiveCfg = Release|Any CPU
		{AE930B64-5C51-481E-B66A-186C3D14801D}.Release|x64.Build.0 = Release|Any CPU
		{AE930B64-5C51-481E-B66A-186C3D14801D}.Release|x86.ActiveCfg = Release|Any CPU
		{AE930B64-5C51-481E-B66A-186C3D14801D}.Release|x86.Build.0 = Release|Any CPU
		{0A51A194-9443-4D17-B7E4-D75B8779F959}.Debug|Any CPU.ActiveCfg = Debug|Any CPU
		{0A51A194-9443-4D17-B7E4-D75B8779F959}.Debug|Any CPU.Build.0 = Debug|Any CPU
		{0A51A194-9443-4D17-B7E4-D75B8779F959}.Debug|x64.ActiveCfg = Debug|Any CPU
		{0A51A194-9443-4D17-B7E4-D75B8779F959}.Debug|x64.Build.0 = Debug|Any CPU
		{0A51A194-9443-4D17-B7E4-D75B8779F959}.Debug|x86.ActiveCfg = Debug|Any CPU
		{0A51A194-9443-4D17-B7E4-D75B8779F959}.Debug|x86.Build.0 = Debug|Any CPU
		{0A51A194-9443-4D17-B7E4-D75B8779F959}.Release|Any CPU.ActiveCfg = Release|Any CPU
		{0A51A194-9443-4D17-B7E4-D75B8779F959}.Release|Any CPU.Build.0 = Release|Any CPU
		{0A51A194-9443-4D17-B7E4-D75B8779F959}.Release|x64.ActiveCfg = Release|Any CPU
		{0A51A194-9443-4D17-B7E4-D75B8779F959}.Release|x64.Build.0 = Release|Any CPU
		{0A51A194-9443-4D17-B7E4-D75B8779F959}.Release|x86.ActiveCfg = Release|Any CPU
		{0A51A194-9443-4D17-B7E4-D75B8779F959}.Release|x86.Build.0 = Release|Any CPU
		{7DBCCFF0-DDB6-49B9-8F92-D9ADE05689A4}.Debug|Any CPU.ActiveCfg = Debug|Any CPU
		{7DBCCFF0-DDB6-49B9-8F92-D9ADE05689A4}.Debug|Any CPU.Build.0 = Debug|Any CPU
		{7DBCCFF0-DDB6-49B9-8F92-D9ADE05689A4}.Debug|x64.ActiveCfg = Debug|Any CPU
		{7DBCCFF0-DDB6-49B9-8F92-D9ADE05689A4}.Debug|x64.Build.0 = Debug|Any CPU
		{7DBCCFF0-DDB6-49B9-8F92-D9ADE05689A4}.Debug|x86.ActiveCfg = Debug|Any CPU
		{7DBCCFF0-DDB6-49B9-8F92-D9ADE05689A4}.Debug|x86.Build.0 = Debug|Any CPU
		{7DBCCFF0-DDB6-49B9-8F92-D9ADE05689A4}.Release|Any CPU.ActiveCfg = Release|Any CPU
		{7DBCCFF0-DDB6-49B9-8F92-D9ADE05689A4}.Release|Any CPU.Build.0 = Release|Any CPU
		{7DBCCFF0-DDB6-49B9-8F92-D9ADE05689A4}.Release|x64.ActiveCfg = Release|Any CPU
		{7DBCCFF0-DDB6-49B9-8F92-D9ADE05689A4}.Release|x64.Build.0 = Release|Any CPU
		{7DBCCFF0-DDB6-49B9-8F92-D9ADE05689A4}.Release|x86.ActiveCfg = Release|Any CPU
		{7DBCCFF0-DDB6-49B9-8F92-D9ADE05689A4}.Release|x86.Build.0 = Release|Any CPU
		{6DFDD87D-86C9-44B5-8C15-25099296B2F2}.Debug|Any CPU.ActiveCfg = Debug|Any CPU
		{6DFDD87D-86C9-44B5-8C15-25099296B2F2}.Debug|Any CPU.Build.0 = Debug|Any CPU
		{6DFDD87D-86C9-44B5-8C15-25099296B2F2}.Debug|x64.ActiveCfg = Debug|Any CPU
		{6DFDD87D-86C9-44B5-8C15-25099296B2F2}.Debug|x64.Build.0 = Debug|Any CPU
		{6DFDD87D-86C9-44B5-8C15-25099296B2F2}.Debug|x86.ActiveCfg = Debug|Any CPU
		{6DFDD87D-86C9-44B5-8C15-25099296B2F2}.Debug|x86.Build.0 = Debug|Any CPU
		{6DFDD87D-86C9-44B5-8C15-25099296B2F2}.Release|Any CPU.ActiveCfg = Release|Any CPU
		{6DFDD87D-86C9-44B5-8C15-25099296B2F2}.Release|Any CPU.Build.0 = Release|Any CPU
		{6DFDD87D-86C9-44B5-8C15-25099296B2F2}.Release|x64.ActiveCfg = Release|Any CPU
		{6DFDD87D-86C9-44B5-8C15-25099296B2F2}.Release|x64.Build.0 = Release|Any CPU
		{6DFDD87D-86C9-44B5-8C15-25099296B2F2}.Release|x86.ActiveCfg = Release|Any CPU
		{6DFDD87D-86C9-44B5-8C15-25099296B2F2}.Release|x86.Build.0 = Release|Any CPU
		{8755592D-F6A4-4B91-B175-6751147AD638}.Debug|Any CPU.ActiveCfg = Debug|Any CPU
		{8755592D-F6A4-4B91-B175-6751147AD638}.Debug|Any CPU.Build.0 = Debug|Any CPU
		{8755592D-F6A4-4B91-B175-6751147AD638}.Debug|x64.ActiveCfg = Debug|Any CPU
		{8755592D-F6A4-4B91-B175-6751147AD638}.Debug|x64.Build.0 = Debug|Any CPU
		{8755592D-F6A4-4B91-B175-6751147AD638}.Debug|x86.ActiveCfg = Debug|Any CPU
		{8755592D-F6A4-4B91-B175-6751147AD638}.Debug|x86.Build.0 = Debug|Any CPU
		{8755592D-F6A4-4B91-B175-6751147AD638}.Release|Any CPU.ActiveCfg = Release|Any CPU
		{8755592D-F6A4-4B91-B175-6751147AD638}.Release|Any CPU.Build.0 = Release|Any CPU
		{8755592D-F6A4-4B91-B175-6751147AD638}.Release|x64.ActiveCfg = Release|Any CPU
		{8755592D-F6A4-4B91-B175-6751147AD638}.Release|x64.Build.0 = Release|Any CPU
		{8755592D-F6A4-4B91-B175-6751147AD638}.Release|x86.ActiveCfg = Release|Any CPU
		{8755592D-F6A4-4B91-B175-6751147AD638}.Release|x86.Build.0 = Release|Any CPU
	EndGlobalSection
	GlobalSection(SolutionProperties) = preSolution
		HideSolutionNode = FALSE
	EndGlobalSection
	GlobalSection(ExtensibilityGlobals) = postSolution
		SolutionGuid = {D2CEC6EE-4C3D-44E4-B659-02EB4356DE82}
	EndGlobalSection
	GlobalSection(NestedProjects) = preSolution
		{0D4C015E-BD41-476F-90A4-211B57E8EBB4} = {9DA1B5A7-3BB1-4F9C-8B59-E909C60DDDC7}
		{D88797AC-5B61-41B7-BB15-C53449CB91FD} = {0D4C015E-BD41-476F-90A4-211B57E8EBB4}
		{AE930B64-5C51-481E-B66A-186C3D14801D} = {0D4C015E-BD41-476F-90A4-211B57E8EBB4}
		{0A51A194-9443-4D17-B7E4-D75B8779F959} = {0D4C015E-BD41-476F-90A4-211B57E8EBB4}
		{7DBCCFF0-DDB6-49B9-8F92-D9ADE05689A4} = {0D4C015E-BD41-476F-90A4-211B57E8EBB4}
		{6DFDD87D-86C9-44B5-8C15-25099296B2F2} = {0D4C015E-BD41-476F-90A4-211B57E8EBB4}
		{033FAEAF-895C-480F-959D-909D92573E93} = {9DA1B5A7-3BB1-4F9C-8B59-E909C60DDDC7}
		{8755592D-F6A4-4B91-B175-6751147AD638} = {033FAEAF-895C-480F-959D-909D92573E93}
	EndGlobalSection
EndGlobal
